
Microsoft Visual Studio Solution File, Format Version 12.00
# Visual Studio Version 17
VisualStudioVersion = 17.9.34622.214
MinimumVisualStudioVersion = 10.0.40219.1
Project("{9A19103F-16F7-4668-BE54-9A1E7A4F7556}") = "StremioNet", "StremioNet\StremioNet.csproj", "{30537C8A-CFD7-4096-8D06-37C58FDF0D9F}"
EndProject
Project("{FAE04EC0-301F-11D3-BF4B-00C04F79EFBC}") = "StremioNet.Sample", "StremioNet.Sample\StremioNet.Sample.csproj", "{D0E08F4F-8A63-4D73-9485-1E15D1C43DB4}"
EndProject
Global
	GlobalSection(SolutionConfigurationPlatforms) = preSolution
		Debug|Any CPU = Debug|Any CPU
		Release|Any CPU = Release|Any CPU
	EndGlobalSection
	GlobalSection(ProjectConfigurationPlatforms) = postSolution
		{30537C8A-CFD7-4096-8D06-37C58FDF0D9F}.Debug|Any CPU.ActiveCfg = Debug|Any CPU
		{30537C8A-CFD7-4096-8D06-37C58FDF0D9F}.Debug|Any CPU.Build.0 = Debug|Any CPU
		{30537C8A-CFD7-4096-8D06-37C58FDF0D9F}.Release|Any CPU.ActiveCfg = Release|Any CPU
		{30537C8A-CFD7-4096-8D06-37C58FDF0D9F}.Release|Any CPU.Build.0 = Release|Any CPU
		{D0E08F4F-8A63-4D73-9485-1E15D1C43DB4}.Debug|Any CPU.ActiveCfg = Debug|Any CPU
		{D0E08F4F-8A63-4D73-9485-1E15D1C43DB4}.Debug|Any CPU.Build.0 = Debug|Any CPU
		{D0E08F4F-8A63-4D73-9485-1E15D1C43DB4}.Release|Any CPU.ActiveCfg = Release|Any CPU
		{D0E08F4F-8A63-4D73-9485-1E15D1C43DB4}.Release|Any CPU.Build.0 = Release|Any CPU
	EndGlobalSection
	GlobalSection(SolutionProperties) = preSolution
		HideSolutionNode = FALSE
	EndGlobalSection
	GlobalSection(ExtensibilityGlobals) = postSolution
		SolutionGuid = {4D5FDAFA-37C3-47C9-A2F2-0387F40A6C6C}
	EndGlobalSection
EndGlobal
